
Microsoft Visual Studio Solution File, Format Version 12.00
# Visual Studio Version 16
VisualStudioVersion = 16.0.28701.123
MinimumVisualStudioVersion = 10.0.40219.1
Project("{FAE04EC0-301F-11D3-BF4B-00C04F79EFBC}") = "WebApplication1", "WebApplication1\WebApplication1.csproj", "{6A2C69C1-4C3C-49C9-ABCB-E419E803C100}"
EndProject
Global
	GlobalSection(SolutionConfigurationPlatforms) = preSolution
		Debug|Any CPU = Debug|Any CPU
		Release|Any CPU = Release|Any CPU
	EndGlobalSection
	GlobalSection(ProjectConfigurationPlatforms) = postSolution
		{6A2C69C1-4C3C-49C9-ABCB-E419E803C100}.Debug|Any CPU.ActiveCfg = Debug|Any CPU
		{6A2C69C1-4C3C-49C9-ABCB-E419E803C100}.Debug|Any CPU.Build.0 = Debug|Any CPU
		{6A2C69C1-4C3C-49C9-ABCB-E419E803C100}.Release|Any CPU.ActiveCfg = Release|Any CPU
		{6A2C69C1-4C3C-49C9-ABCB-E419E803C100}.Release|Any CPU.Build.0 = Release|Any CPU
	EndGlobalSection
	GlobalSection(SolutionProperties) = preSolution
		HideSolutionNode = FALSE
	EndGlobalSection
	GlobalSection(ExtensibilityGlobals) = postSolution
		SolutionGuid = {1AE87F0C-C95E-465E-8B2C-5A5DFBA4C45A}
	EndGlobalSection
EndGlobal
